// !$*UTF8*$!
{
	archiveVersion = 1;
	classes = {
	};
	objectVersion = 46;
	objects = {

/* Begin PBXBuildFile section */
		2226C7CD18B09EC20058D2CD /* imageUrl.plist in Resources */ = {isa = PBXBuildFile; fileRef = 2226C7CC18B09EC20058D2CD /* imageUrl.plist */; };
		2226C7D218B0B5890058D2CD /* Beauty.m in Sources */ = {isa = PBXBuildFile; fileRef = 2226C7D118B0B5890058D2CD /* Beauty.m */; };
		223CCC6418498BA600C4D1FF /* Foundation.framework in Frameworks */ = {isa = PBXBuildFile; fileRef = 223CCC6318498BA600C4D1FF /* Foundation.framework */; };
		223CCC6618498BA600C4D1FF /* CoreGraphics.framework in Frameworks */ = {isa = PBXBuildFile; fileRef = 223CCC6518498BA600C4D1FF /* CoreGraphics.framework */; };
		223CCC6818498BA600C4D1FF /* UIKit.framework in Frameworks */ = {isa = PBXBuildFile; fileRef = 223CCC6718498BA600C4D1FF /* UIKit.framework */; };
		223CCC6E18498BA600C4D1FF /* InfoPlist.strings in Resources */ = {isa = PBXBuildFile; fileRef = 223CCC6C18498BA600C4D1FF /* InfoPlist.strings */; };
		223CCC7018498BA600C4D1FF /* main.m in Sources */ = {isa = PBXBuildFile; fileRef = 223CCC6F18498BA600C4D1FF /* main.m */; };
		223CCC7418498BA600C4D1FF /* AppDelegate.m in Sources */ = {isa = PBXBuildFile; fileRef = 223CCC7318498BA600C4D1FF /* AppDelegate.m */; };
		223CCC7C18498BA600C4D1FF /* Images.xcassets in Resources */ = {isa = PBXBuildFile; fileRef = 223CCC7B18498BA600C4D1FF /* Images.xcassets */; };
		223CCC8318498BA600C4D1FF /* XCTest.framework in Frameworks */ = {isa = PBXBuildFile; fileRef = 223CCC8218498BA600C4D1FF /* XCTest.framework */; };
		223CCC8418498BA600C4D1FF /* Foundation.framework in Frameworks */ = {isa = PBXBuildFile; fileRef = 223CCC6318498BA600C4D1FF /* Foundation.framework */; };
		223CCC8518498BA600C4D1FF /* UIKit.framework in Frameworks */ = {isa = PBXBuildFile; fileRef = 223CCC6718498BA600C4D1FF /* UIKit.framework */; };
		223CCC8D18498BA600C4D1FF /* InfoPlist.strings in Resources */ = {isa = PBXBuildFile; fileRef = 223CCC8B18498BA600C4D1FF /* InfoPlist.strings */; };
		223CCC8F18498BA600C4D1FF /* MyPhotoTests.m in Sources */ = {isa = PBXBuildFile; fileRef = 223CCC8E18498BA600C4D1FF /* MyPhotoTests.m */; };
		223CCC9A18498CCC00C4D1FF /* MyViewController.m in Sources */ = {isa = PBXBuildFile; fileRef = 223CCC9918498CCC00C4D1FF /* MyViewController.m */; };
		22E8B2F4184B2433004FF83B /* 57.png in Resources */ = {isa = PBXBuildFile; fileRef = 22E8B2F3184B2433004FF83B /* 57.png */; };
		22EDEC17184999C600E0B543 /* ImageIO.framework in Frameworks */ = {isa = PBXBuildFile; fileRef = 22EDEC16184999C600E0B543 /* ImageIO.framework */; };
		22EDEC1918499A5700E0B543 /* SDWebImage.framework in Frameworks */ = {isa = PBXBuildFile; fileRef = 22EDEC1818499A5700E0B543 /* SDWebImage.framework */; };
		22EDEC1B18499B9E00E0B543 /* 114.png in Resources */ = {isa = PBXBuildFile; fileRef = 22EDEC1A18499B9E00E0B543 /* 114.png */; };
/* End PBXBuildFile section */

/* Begin PBXContainerItemProxy section */
		223CCC8618498BA600C4D1FF /* PBXContainerItemProxy */ = {
			isa = PBXContainerItemProxy;
			containerPortal = 223CCC5818498BA500C4D1FF /* Project object */;
			proxyType = 1;
			remoteGlobalIDString = 223CCC5F18498BA500C4D1FF;
			remoteInfo = MyPhoto;
		};
/* End PBXContainerItemProxy section */

/* Begin PBXFileReference section */
		2226C7CC18B09EC20058D2CD /* imageUrl.plist */ = {isa = PBXFileReference; fileEncoding = 4; lastKnownFileType = text.plist.xml; path = imageUrl.plist; sourceTree = "<group>"; };
		2226C7CE18B0A4740058D2CD /* zh-Hans */ = {isa = PBXFileReference; lastKnownFileType = text.plist.strings; name = "zh-Hans"; path = "zh-Hans.lproj/InfoPlist.strings"; sourceTree = "<group>"; };
		2226C7CF18B0A4740058D2CD /* zh-Hans */ = {isa = PBXFileReference; lastKnownFileType = text.plist.strings; name = "zh-Hans"; path = "zh-Hans.lproj/InfoPlist.strings"; sourceTree = "<group>"; };
		2226C7D018B0B5890058D2CD /* Beauty.h */ = {isa = PBXFileReference; fileEncoding = 4; lastKnownFileType = sourcecode.c.h; path = Beauty.h; sourceTree = "<group>"; };
		2226C7D118B0B5890058D2CD /* Beauty.m */ = {isa = PBXFileReference; fileEncoding = 4; lastKnownFileType = sourcecode.c.objc; path = Beauty.m; sourceTree = "<group>"; };
		223CCC6018498BA500C4D1FF /* MyPhoto.app */ = {isa = PBXFileReference; explicitFileType = wrapper.application; includeInIndex = 0; path = MyPhoto.app; sourceTree = BUILT_PRODUCTS_DIR; };
		223CCC6318498BA600C4D1FF /* Foundation.framework */ = {isa = PBXFileReference; lastKnownFileType = wrapper.framework; name = Foundation.framework; path = System/Library/Frameworks/Foundation.framework; sourceTree = SDKROOT; };
		223CCC6518498BA600C4D1FF /* CoreGraphics.framework */ = {isa = PBXFileReference; lastKnownFileType = wrapper.framework; name = CoreGraphics.framework; path = System/Library/Frameworks/CoreGraphics.framework; sourceTree = SDKROOT; };
		223CCC6718498BA600C4D1FF /* UIKit.framework */ = {isa = PBXFileReference; lastKnownFileType = wrapper.framework; name = UIKit.framework; path = System/Library/Frameworks/UIKit.framework; sourceTree = SDKROOT; };
		223CCC6B18498BA600C4D1FF /* MyPhoto-Info.plist */ = {isa = PBXFileReference; lastKnownFileType = text.plist.xml; path = "MyPhoto-Info.plist"; sourceTree = "<group>"; };
		223CCC6D18498BA600C4D1FF /* en */ = {isa = PBXFileReference; lastKnownFileType = text.plist.strings; name = en; path = en.lproj/InfoPlist.strings; sourceTree = "<group>"; };
		223CCC6F18498BA600C4D1FF /* main.m */ = {isa = PBXFileReference; lastKnownFileType = sourcecode.c.objc; path = main.m; sourceTree = "<group>"; };
		223CCC7118498BA600C4D1FF /* MyPhoto-Prefix.pch */ = {isa = PBXFileReference; lastKnownFileType = sourcecode.c.h; path = "MyPhoto-Prefix.pch"; sourceTree = "<group>"; };
		223CCC7218498BA600C4D1FF /* AppDelegate.h */ = {isa = PBXFileReference; lastKnownFileType = sourcecode.c.h; path = AppDelegate.h; sourceTree = "<group>"; };
		223CCC7318498BA600C4D1FF /* AppDelegate.m */ = {isa = PBXFileReference; lastKnownFileType = sourcecode.c.objc; path = AppDelegate.m; sourceTree = "<group>"; };
		223CCC7B18498BA600C4D1FF /* Images.xcassets */ = {isa = PBXFileReference; lastKnownFileType = folder.assetcatalog; path = Images.xcassets; sourceTree = "<group>"; };
		223CCC8118498BA600C4D1FF /* MyPhotoTests.xctest */ = {isa = PBXFileReference; explicitFileType = wrapper.cfbundle; includeInIndex = 0; path = MyPhotoTests.xctest; sourceTree = BUILT_PRODUCTS_DIR; };
		223CCC8218498BA600C4D1FF /* XCTest.framework */ = {isa = PBXFileReference; lastKnownFileType = wrapper.framework; name = XCTest.framework; path = Library/Frameworks/XCTest.framework; sourceTree = DEVELOPER_DIR; };
		223CCC8A18498BA600C4D1FF /* MyPhotoTests-Info.plist */ = {isa = PBXFileReference; lastKnownFileType = text.plist.xml; path = "MyPhotoTests-Info.plist"; sourceTree = "<group>"; };
		223CCC8C18498BA600C4D1FF /* en */ = {isa = PBXFileReference; lastKnownFileType = text.plist.strings; name = en; path = en.lproj/InfoPlist.strings; sourceTree = "<group>"; };
		223CCC8E18498BA600C4D1FF /* MyPhotoTests.m */ = {isa = PBXFileReference; lastKnownFileType = sourcecode.c.objc; path = MyPhotoTests.m; sourceTree = "<group>"; };
		223CCC9818498CCC00C4D1FF /* MyViewController.h */ = {isa = PBXFileReference; fileEncoding = 4; lastKnownFileType = sourcecode.c.h; path = MyViewController.h; sourceTree = "<group>"; };
		223CCC9918498CCC00C4D1FF /* MyViewController.m */ = {isa = PBXFileReference; fileEncoding = 4; lastKnownFileType = sourcecode.c.objc; path = MyViewController.m; sourceTree = "<group>"; };
		22E8B2F3184B2433004FF83B /* 57.png */ = {isa = PBXFileReference; lastKnownFileType = image.png; path = 57.png; sourceTree = "<group>"; };
		22EDEC16184999C600E0B543 /* ImageIO.framework */ = {isa = PBXFileReference; lastKnownFileType = wrapper.framework; name = ImageIO.framework; path = System/Library/Frameworks/ImageIO.framework; sourceTree = SDKROOT; };
		22EDEC1818499A5700E0B543 /* SDWebImage.framework */ = {isa = PBXFileReference; lastKnownFileType = wrapper.framework; name = SDWebImage.framework; path = MyPhoto/SDWebImage.framework; sourceTree = "<group>"; };
		22EDEC1A18499B9E00E0B543 /* 114.png */ = {isa = PBXFileReference; lastKnownFileType = image.png; path = 114.png; sourceTree = "<group>"; };
/* End PBXFileReference section */

/* Begin PBXFrameworksBuildPhase section */
		223CCC5D18498BA500C4D1FF /* Frameworks */ = {
			isa = PBXFrameworksBuildPhase;
			buildActionMask = 2147483647;
			files = (
				22EDEC17184999C600E0B543 /* ImageIO.framework in Frameworks */,
				223CCC6618498BA600C4D1FF /* CoreGraphics.framework in Frameworks */,
				223CCC6818498BA600C4D1FF /* UIKit.framework in Frameworks */,
				22EDEC1918499A5700E0B543 /* SDWebImage.framework in Frameworks */,
				223CCC6418498BA600C4D1FF /* Foundation.framework in Frameworks */,
			);
			runOnlyForDeploymentPostprocessing = 0;
		};
		223CCC7E18498BA600C4D1FF /* Frameworks */ = {
			isa = PBXFrameworksBuildPhase;
			buildActionMask = 2147483647;
			files = (
				223CCC8318498BA600C4D1FF /* XCTest.framework in Frameworks */,
				223CCC8518498BA600C4D1FF /* UIKit.framework in Frameworks */,
				223CCC8418498BA600C4D1FF /* Foundation.framework in Frameworks */,
			);
			runOnlyForDeploymentPostprocessing = 0;
		};
/* End PBXFrameworksBuildPhase section */

/* Begin PBXGroup section */
		223CCC5718498BA500C4D1FF = {
			isa = PBXGroup;
			children = (
				223CCC6918498BA600C4D1FF /* MyPhoto */,
				223CCC8818498BA600C4D1FF /* MyPhotoTests */,
				223CCC6218498BA500C4D1FF /* Frameworks */,
				223CCC6118498BA500C4D1FF /* Products */,
			);
			sourceTree = "<group>";
		};
		223CCC6118498BA500C4D1FF /* Products */ = {
			isa = PBXGroup;
			children = (
				223CCC6018498BA500C4D1FF /* MyPhoto.app */,
				223CCC8118498BA600C4D1FF /* MyPhotoTests.xctest */,
			);
			name = Products;
			sourceTree = "<group>";
		};
		223CCC6218498BA500C4D1FF /* Frameworks */ = {
			isa = PBXGroup;
			children = (
				22EDEC16184999C600E0B543 /* ImageIO.framework */,
				22EDEC1818499A5700E0B543 /* SDWebImage.framework */,
				223CCC6318498BA600C4D1FF /* Foundation.framework */,
				223CCC6518498BA600C4D1FF /* CoreGraphics.framework */,
				223CCC6718498BA600C4D1FF /* UIKit.framework */,
				223CCC8218498BA600C4D1FF /* XCTest.framework */,
			);
			name = Frameworks;
			sourceTree = "<group>";
		};
		223CCC6918498BA600C4D1FF /* MyPhoto */ = {
			isa = PBXGroup;
			children = (
				223CCC7218498BA600C4D1FF /* AppDelegate.h */,
				223CCC7318498BA600C4D1FF /* AppDelegate.m */,
				2226C7D018B0B5890058D2CD /* Beauty.h */,
				2226C7D118B0B5890058D2CD /* Beauty.m */,
				223CCC9818498CCC00C4D1FF /* MyViewController.h */,
				223CCC9918498CCC00C4D1FF /* MyViewController.m */,
				22E8B2F3184B2433004FF83B /* 57.png */,
				22EDEC1A18499B9E00E0B543 /* 114.png */,
				223CCC7B18498BA600C4D1FF /* Images.xcassets */,
				223CCC6A18498BA600C4D1FF /* Supporting Files */,
			);
			path = MyPhoto;
			sourceTree = "<group>";
		};
		223CCC6A18498BA600C4D1FF /* Supporting Files */ = {
			isa = PBXGroup;
			children = (
				2226C7CC18B09EC20058D2CD /* imageUrl.plist */,
				223CCC6B18498BA600C4D1FF /* MyPhoto-Info.plist */,
				223CCC6C18498BA600C4D1FF /* InfoPlist.strings */,
				223CCC6F18498BA600C4D1FF /* main.m */,
				223CCC7118498BA600C4D1FF /* MyPhoto-Prefix.pch */,
			);
			name = "Supporting Files";
			sourceTree = "<group>";
		};
		223CCC8818498BA600C4D1FF /* MyPhotoTests */ = {
			isa = PBXGroup;
			children = (
				223CCC8E18498BA600C4D1FF /* MyPhotoTests.m */,
				223CCC8918498BA600C4D1FF /* Supporting Files */,
			);
			path = MyPhotoTests;
			sourceTree = "<group>";
		};
		223CCC8918498BA600C4D1FF /* Supporting Files */ = {
			isa = PBXGroup;
			children = (
				223CCC8A18498BA600C4D1FF /* MyPhotoTests-Info.plist */,
				223CCC8B18498BA600C4D1FF /* InfoPlist.strings */,
			);
			name = "Supporting Files";
			sourceTree = "<group>";
		};
/* End PBXGroup section */

/* Begin PBXNativeTarget section */
		223CCC5F18498BA500C4D1FF /* MyPhoto */ = {
			isa = PBXNativeTarget;
			buildConfigurationList = 223CCC9218498BA600C4D1FF /* Build configuration list for PBXNativeTarget "MyPhoto" */;
			buildPhases = (
				223CCC5C18498BA500C4D1FF /* Sources */,
				223CCC5D18498BA500C4D1FF /* Frameworks */,
				223CCC5E18498BA500C4D1FF /* Resources */,
			);
			buildRules = (
			);
			dependencies = (
			);
			name = MyPhoto;
			productName = MyPhoto;
			productReference = 223CCC6018498BA500C4D1FF /* MyPhoto.app */;
			productType = "com.apple.product-type.application";
		};
		223CCC8018498BA600C4D1FF /* MyPhotoTests */ = {
			isa = PBXNativeTarget;
			buildConfigurationList = 223CCC9518498BA600C4D1FF /* Build configuration list for PBXNativeTarget "MyPhotoTests" */;
			buildPhases = (
				223CCC7D18498BA600C4D1FF /* Sources */,
				223CCC7E18498BA600C4D1FF /* Frameworks */,
				223CCC7F18498BA600C4D1FF /* Resources */,
			);
			buildRules = (
			);
			dependencies = (
				223CCC8718498BA600C4D1FF /* PBXTargetDependency */,
			);
			name = MyPhotoTests;
			productName = MyPhotoTests;
			productReference = 223CCC8118498BA600C4D1FF /* MyPhotoTests.xctest */;
			productType = "com.apple.product-type.bundle.unit-test";
		};
/* End PBXNativeTarget section */

/* Begin PBXProject section */
		223CCC5818498BA500C4D1FF /* Project object */ = {
			isa = PBXProject;
			attributes = {
				LastUpgradeCheck = 0500;
				ORGANIZATIONNAME = dingql;
				TargetAttributes = {
					223CCC8018498BA600C4D1FF = {
						TestTargetID = 223CCC5F18498BA500C4D1FF;
					};
				};
			};
			buildConfigurationList = 223CCC5B18498BA500C4D1FF /* Build configuration list for PBXProject "MyPhoto" */;
			compatibilityVersion = "Xcode 3.2";
			developmentRegion = English;
			hasScannedForEncodings = 0;
			knownRegions = (
				en,
				Base,
				"zh-Hans",
			);
			mainGroup = 223CCC5718498BA500C4D1FF;
			productRefGroup = 223CCC6118498BA500C4D1FF /* Products */;
			projectDirPath = "";
			projectRoot = "";
			targets = (
				223CCC5F18498BA500C4D1FF /* MyPhoto */,
				223CCC8018498BA600C4D1FF /* MyPhotoTests */,
			);
		};
/* End PBXProject section */

/* Begin PBXResourcesBuildPhase section */
		223CCC5E18498BA500C4D1FF /* Resources */ = {
			isa = PBXResourcesBuildPhase;
			buildActionMask = 2147483647;
			files = (
				22EDEC1B18499B9E00E0B543 /* 114.png in Resources */,
				22E8B2F4184B2433004FF83B /* 57.png in Resources */,
				2226C7CD18B09EC20058D2CD /* imageUrl.plist in Resources */,
				223CCC7C18498BA600C4D1FF /* Images.xcassets in Resources */,
				223CCC6E18498BA600C4D1FF /* InfoPlist.strings in Resources */,
			);
			runOnlyForDeploymentPostprocessing = 0;
		};
		223CCC7F18498BA600C4D1FF /* Resources */ = {
			isa = PBXResourcesBuildPhase;
			buildActionMask = 2147483647;
			files = (
				223CCC8D18498BA600C4D1FF /* InfoPlist.strings in Resources */,
			);
			runOnlyForDeploymentPostprocessing = 0;
		};
/* End PBXResourcesBuildPhase section */

/* Begin PBXSourcesBuildPhase section */
		223CCC5C18498BA500C4D1FF /* Sources */ = {
			isa = PBXSourcesBuildPhase;
			buildActionMask = 2147483647;
			files = (
				223CCC9A18498CCC00C4D1FF /* MyViewController.m in Sources */,
				2226C7D218B0B5890058D2CD /* Beauty.m in Sources */,
				223CCC7418498BA600C4D1FF /* AppDelegate.m in Sources */,
				223CCC7018498BA600C4D1FF /* main.m in Sources */,
			);
			runOnlyForDeploymentPostprocessing = 0;
		};
		223CCC7D18498BA600C4D1FF /* Sources */ = {
			isa = PBXSourcesBuildPhase;
			buildActionMask = 2147483647;
			files = (
				223CCC8F18498BA600C4D1FF /* MyPhotoTests.m in Sources */,
			);
			runOnlyForDeploymentPostprocessing = 0;
		};
/* End PBXSourcesBuildPhase section */

/* Begin PBXTargetDependency section */
		223CCC8718498BA600C4D1FF /* PBXTargetDependency */ = {
			isa = PBXTargetDependency;
			target = 223CCC5F18498BA500C4D1FF /* MyPhoto */;
			targetProxy = 223CCC8618498BA600C4D1FF /* PBXContainerItemProxy */;
		};
/* End PBXTargetDependency section */

/* Begin PBXVariantGroup section */
		223CCC6C18498BA600C4D1FF /* InfoPlist.strings */ = {
			isa = PBXVariantGroup;
			children = (
				223CCC6D18498BA600C4D1FF /* en */,
				2226C7CE18B0A4740058D2CD /* zh-Hans */,
			);
			name = InfoPlist.strings;
			sourceTree = "<group>";
		};
		223CCC8B18498BA600C4D1FF /* InfoPlist.strings */ = {
			isa = PBXVariantGroup;
			children = (
				223CCC8C18498BA600C4D1FF /* en */,
				2226C7CF18B0A4740058D2CD /* zh-Hans */,
			);
			name = InfoPlist.strings;
			sourceTree = "<group>";
		};
/* End PBXVariantGroup section */

/* Begin XCBuildConfiguration section */
		223CCC9018498BA600C4D1FF /* Debug */ = {
			isa = XCBuildConfiguration;
			buildSettings = {
				ALWAYS_SEARCH_USER_PATHS = NO;
				ARCHS = "$(ARCHS_STANDARD_INCLUDING_64_BIT)";
				CLANG_CXX_LANGUAGE_STANDARD = "gnu++0x";
				CLANG_CXX_LIBRARY = "libc++";
				CLANG_ENABLE_MODULES = YES;
				CLANG_ENABLE_OBJC_ARC = YES;
				CLANG_WARN_BOOL_CONVERSION = YES;
				CLANG_WARN_CONSTANT_CONVERSION = YES;
				CLANG_WARN_DIRECT_OBJC_ISA_USAGE = YES_ERROR;
				CLANG_WARN_EMPTY_BODY = YES;
				CLANG_WARN_ENUM_CONVERSION = YES;
				CLANG_WARN_INT_CONVERSION = YES;
				CLANG_WARN_OBJC_ROOT_CLASS = YES_ERROR;
				CLANG_WARN__DUPLICATE_METHOD_MATCH = YES;
				"CODE_SIGN_IDENTITY[sdk=iphoneos*]" = "iPhone Developer";
				COPY_PHASE_STRIP = NO;
				GCC_C_LANGUAGE_STANDARD = gnu99;
				GCC_DYNAMIC_NO_PIC = NO;
				GCC_OPTIMIZATION_LEVEL = 0;
				GCC_PREPROCESSOR_DEFINITIONS = (
					"DEBUG=1",
					"$(inherited)",
				);
				GCC_SYMBOLS_PRIVATE_EXTERN = NO;
				GCC_WARN_64_TO_32_BIT_CONVERSION = YES;
				GCC_WARN_ABOUT_RETURN_TYPE = YES_ERROR;
				GCC_WARN_UNDECLARED_SELECTOR = YES;
				GCC_WARN_UNINITIALIZED_AUTOS = YES;
				GCC_WARN_UNUSED_FUNCTION = YES;
				GCC_WARN_UNUSED_VARIABLE = YES;
				IPHONEOS_DEPLOYMENT_TARGET = 7.0;
				ONLY_ACTIVE_ARCH = YES;
				SDKROOT = iphoneos;
			};
			name = Debug;
		};
		223CCC9118498BA600C4D1FF /* Release */ = {
			isa = XCBuildConfiguration;
			buildSettings = {
				ALWAYS_SEARCH_USER_PATHS = NO;
				ARCHS = "$(ARCHS_STANDARD_INCLUDING_64_BIT)";
				CLANG_CXX_LANGUAGE_STANDARD = "gnu++0x";
				CLANG_CXX_LIBRARY = "libc++";
				CLANG_ENABLE_MODULES = YES;
				CLANG_ENABLE_OBJC_ARC = YES;
				CLANG_WARN_BOOL_CONVERSION = YES;
				CLANG_WARN_CONSTANT_CONVERSION = YES;
				CLANG_WARN_DIRECT_OBJC_ISA_USAGE = YES_ERROR;
				CLANG_WARN_EMPTY_BODY = YES;
				CLANG_WARN_ENUM_CONVERSION = YES;
				CLANG_WARN_INT_CONVERSION = YES;
				CLANG_WARN_OBJC_ROOT_CLASS = YES_ERROR;
				CLANG_WARN__DUPLICATE_METHOD_MATCH = YES;
				"CODE_SIGN_IDENTITY[sdk=iphoneos*]" = "iPhone Developer";
				COPY_PHASE_STRIP = YES;
				ENABLE_NS_ASSERTIONS = NO;
				GCC_C_LANGUAGE_STANDARD = gnu99;
				GCC_WARN_64_TO_32_BIT_CONVERSION = YES;
				GCC_WARN_ABOUT_RETURN_TYPE = YES_ERROR;
				GCC_WARN_UNDECLARED_SELECTOR = YES;
				GCC_WARN_UNINITIALIZED_AUTOS = YES;
				GCC_WARN_UNUSED_FUNCTION = YES;
				GCC_WARN_UNUSED_VARIABLE = YES;
				IPHONEOS_DEPLOYMENT_TARGET = 7.0;
				SDKROOT = iphoneos;
				VALIDATE_PRODUCT = YES;
			};
			name = Release;
		};
		223CCC9318498BA600C4D1FF /* Debug */ = {
			isa = XCBuildConfiguration;
			buildSettings = {
				ASSETCATALOG_COMPILER_APPICON_NAME = AppIcon;
				ASSETCATALOG_COMPILER_LAUNCHIMAGE_NAME = LaunchImage;
				FRAMEWORK_SEARCH_PATHS = (
					"$(inherited)",
					"${SRCROOT}/MyPhoto",
				);
				GCC_PRECOMPILE_PREFIX_HEADER = YES;
				GCC_PREFIX_HEADER = "MyPhoto/MyPhoto-Prefix.pch";
				INFOPLIST_FILE = "MyPhoto/MyPhoto-Info.plist";
				IPHONEOS_DEPLOYMENT_TARGET = 6.1;
				OTHER_LDFLAGS = "-ObjC";
				PRODUCT_NAME = "$(TARGET_NAME)";
				WRAPPER_EXTENSION = app;
			};
			name = Debug;
		};
		223CCC9418498BA600C4D1FF /* Release */ = {
			isa = XCBuildConfiguration;
			buildSettings = {
				ASSETCATALOG_COMPILER_APPICON_NAME = AppIcon;
				ASSETCATALOG_COMPILER_LAUNCHIMAGE_NAME = LaunchImage;
				FRAMEWORK_SEARCH_PATHS = (
					"$(inherited)",
					"${SRCROOT}/MyPhoto",
				);
				GCC_PRECOMPILE_PREFIX_HEADER = YES;
				GCC_PREFIX_HEADER = "MyPhoto/MyPhoto-Prefix.pch";
				INFOPLIST_FILE = "MyPhoto/MyPhoto-Info.plist";
				IPHONEOS_DEPLOYMENT_TARGET = 6.1;
				OTHER_LDFLAGS = "-ObjC";
				PRODUCT_NAME = "$(TARGET_NAME)";
				WRAPPER_EXTENSION = app;
			};
			name = Release;
		};
		223CCC9618498BA600C4D1FF /* Debug */ = {
			isa = XCBuildConfiguration;
			buildSettings = {
				ARCHS = "$(ARCHS_STANDARD_INCLUDING_64_BIT)";
				BUNDLE_LOADER = "$(BUILT_PRODUCTS_DIR)/MyPhoto.app/MyPhoto";
				FRAMEWORK_SEARCH_PATHS = (
					"$(SDKROOT)/Developer/Library/Frameworks",
					"$(inherited)",
					"$(DEVELOPER_FRAMEWORKS_DIR)",
				);
				GCC_PRECOMPILE_PREFIX_HEADER = YES;
				GCC_PREFIX_HEADER = "MyPhoto/MyPhoto-Prefix.pch";
				GCC_PREPROCESSOR_DEFINITIONS = (
					"DEBUG=1",
					"$(inherited)",
				);
				INFOPLIST_FILE = "MyPhotoTests/MyPhotoTests-Info.plist";
				PRODUCT_NAME = "$(TARGET_NAME)";
				TEST_HOST = "$(BUNDLE_LOADER)";
				WRAPPER_EXTENSION = xctest;
			};
			name = Debug;
		};
		223CCC9718498BA600C4D1FF /* Release */ = {
			isa = XCBuildConfiguration;
			buildSettings = {
				ARCHS = "$(ARCHS_STANDARD_INCLUDING_64_BIT)";
				BUNDLE_LOADER = "$(BUILT_PRODUCTS_DIR)/MyPhoto.app/MyPhoto";
				FRAMEWORK_SEARCH_PATHS = (
					"$(SDKROOT)/Developer/Library/Frameworks",
					"$(inherited)",
					"$(DEVELOPER_FRAMEWORKS_DIR)",
				);
				GCC_PRECOMPILE_PREFIX_HEADER = YES;
				GCC_PREFIX_HEADER = "MyPhoto/MyPhoto-Prefix.pch";
				INFOPLIST_FILE = "MyPhotoTests/MyPhotoTests-Info.plist";
				PRODUCT_NAME = "$(TARGET_NAME)";
				TEST_HOST = "$(BUNDLE_LOADER)";
				WRAPPER_EXTENSION = xctest;
			};
			name = Release;
		};
/* End XCBuildConfiguration section */

/* Begin XCConfigurationList section */
		223CCC5B18498BA500C4D1FF /* Build configuration list for PBXProject "MyPhoto" */ = {
			isa = XCConfigurationList;
			buildConfigurations = (
				223CCC9018498BA600C4D1FF /* Debug */,
				223CCC9118498BA600C4D1FF /* Release */,
			);
			defaultConfigurationIsVisible = 0;
			defaultConfigurationName = Release;
		};
		223CCC9218498BA600C4D1FF /* Build configuration list for PBXNativeTarget "MyPhoto" */ = {
			isa = XCConfigurationList;
			buildConfigurations = (
				223CCC9318498BA600C4D1FF /* Debug */,
				223CCC9418498BA600C4D1FF /* Release */,
			);
			defaultConfigurationIsVisible = 0;
			defaultConfigurationName = Release;
		};
		223CCC9518498BA600C4D1FF /* Build configuration list for PBXNativeTarget "MyPhotoTests" */ = {
			isa = XCConfigurationList;
			buildConfigurations = (
				223CCC9618498BA600C4D1FF /* Debug */,
				223CCC9718498BA600C4D1FF /* Release */,
			);
			defaultConfigurationIsVisible = 0;
			defaultConfigurationName = Release;
		};
/* End XCConfigurationList section */
	};
	rootObject = 223CCC5818498BA500C4D1FF /* Project object */;
}
